
Microsoft Visual Studio Solution File, Format Version 10.00
# Visual Studio 2008
Project("{FAE04EC0-301F-11D3-BF4B-00C04F79EFBC}") = "TicketValidator", "TicketValidator\TicketValidator.csproj", "{5F1BCAA7-5AB1-4BF8-BDF4-0C40CB2DA289}"
EndProject
Project("{FAE04EC0-301F-11D3-BF4B-00C04F79EFBC}") = "TicketValidator.Common", "TicketValidator.Common\TicketValidator.Common.csproj", "{E97A6A94-84A3-4D7A-A6C2-736CFFE7395F}"
EndProject
Global
	GlobalSection(TeamFoundationVersionControl) = preSolution
		SccNumberOfProjects = 3
		SccEnterpriseProvider = {4CA58AB2-18FA-4F8D-95D4-32DDF27D184C}
		SccTeamFoundationServer = https://tfs.codeplex.com/tfs/TFS14
		SccLocalPath0 = .
		SccProjectUniqueName1 = TicketValidator\\TicketValidator.csproj
		SccProjectName1 = TicketValidator
		SccLocalPath1 = TicketValidator
		SccProjectUniqueName2 = TicketValidator.Common\\TicketValidator.Common.csproj
		SccProjectName2 = TicketValidator.Common
		SccLocalPath2 = TicketValidator.Common
	EndGlobalSection
	GlobalSection(SolutionConfigurationPlatforms) = preSolution
		Debug|Any CPU = Debug|Any CPU
		Release|Any CPU = Release|Any CPU
	EndGlobalSection
	GlobalSection(ProjectConfigurationPlatforms) = postSolution
		{5F1BCAA7-5AB1-4BF8-BDF4-0C40CB2DA289}.Debug|Any CPU.ActiveCfg = Debug|Any CPU
		{5F1BCAA7-5AB1-4BF8-BDF4-0C40CB2DA289}.Debug|Any CPU.Build.0 = Debug|Any CPU
		{5F1BCAA7-5AB1-4BF8-BDF4-0C40CB2DA289}.Debug|Any CPU.Deploy.0 = Debug|Any CPU
		{5F1BCAA7-5AB1-4BF8-BDF4-0C40CB2DA289}.Release|Any CPU.ActiveCfg = Release|Any CPU
		{5F1BCAA7-5AB1-4BF8-BDF4-0C40CB2DA289}.Release|Any CPU.Build.0 = Release|Any CPU
		{5F1BCAA7-5AB1-4BF8-BDF4-0C40CB2DA289}.Release|Any CPU.Deploy.0 = Release|Any CPU
		{E97A6A94-84A3-4D7A-A6C2-736CFFE7395F}.Debug|Any CPU.ActiveCfg = Debug|Any CPU
		{E97A6A94-84A3-4D7A-A6C2-736CFFE7395F}.Debug|Any CPU.Build.0 = Debug|Any CPU
		{E97A6A94-84A3-4D7A-A6C2-736CFFE7395F}.Release|Any CPU.ActiveCfg = Release|Any CPU
		{E97A6A94-84A3-4D7A-A6C2-736CFFE7395F}.Release|Any CPU.Build.0 = Release|Any CPU
	EndGlobalSection
	GlobalSection(SolutionProperties) = preSolution
		HideSolutionNode = FALSE
	EndGlobalSection
EndGlobal
