
Microsoft Visual Studio Solution File, Format Version 12.00
# Visual Studio 2013
VisualStudioVersion = 12.0.30110.0
MinimumVisualStudioVersion = 10.0.40219.1
Project("{FAE04EC0-301F-11D3-BF4B-00C04F79EFBC}") = "TicketServer", "TicketServer\TicketServer.csproj", "{5F1A8731-A044-4E34-A909-57072D48672B}"
EndProject
Project("{FAE04EC0-301F-11D3-BF4B-00C04F79EFBC}") = "TicketServer.Service", "TicketServer.Service\TicketServer.Service.csproj", "{7854300B-F4E2-4CFB-8EBD-1A51F9740B1B}"
EndProject
Project("{FAE04EC0-301F-11D3-BF4B-00C04F79EFBC}") = "TicketServer.DAL", "TicketServer.DAL\TicketServer.DAL.csproj", "{D9B8258A-38E8-43F8-A9D0-A3A130C8FD32}"
EndProject
Project("{FAE04EC0-301F-11D3-BF4B-00C04F79EFBC}") = "TicketServer.Common", "TicketServer.Common\TicketServer.Common.csproj", "{3D13D078-398B-4DA3-96BF-482F412FE8A3}"
EndProject
Project("{FAE04EC0-301F-11D3-BF4B-00C04F79EFBC}") = "TicketServer.Interfaces", "TicketServer.Interfaces\TicketServer.Interfaces.csproj", "{4A928EB3-CDE9-4803-B6CF-2255064CD64A}"
EndProject
Project("{FAE04EC0-301F-11D3-BF4B-00C04F79EFBC}") = "TicketServer.Client", "TicketServer.Client\TicketServer.Client.csproj", "{43B79B6C-CAF6-481E-B646-282B21653564}"
EndProject
Project("{6141683F-8A12-4E36-9623-2EB02B2C2303}") = "TicketServer.Setup", "TicketServer.Setup\TicketServer.Setup.isproj", "{008960D5-B947-492D-8EF4-1E3ED5C41A6A}"
EndProject
Project("{FAE04EC0-301F-11D3-BF4B-00C04F79EFBC}") = "TicketServer.Controls", "TicketServer.Controls\TicketServer.Controls.csproj", "{756006AD-9F72-4394-A91C-3E1EE445E35B}"
EndProject
Global
	GlobalSection(TeamFoundationVersionControl) = preSolution
		SccNumberOfProjects = 9
		SccEnterpriseProvider = {4CA58AB2-18FA-4F8D-95D4-32DDF27D184C}
		SccTeamFoundationServer = https://tfs.codeplex.com/tfs/tfs14
		SccLocalPath0 = .
		SccProjectUniqueName1 = TicketServer\\TicketServer.csproj
		SccProjectName1 = TicketServer
		SccLocalPath1 = TicketServer
		SccProjectUniqueName2 = TicketServer.Service\\TicketServer.Service.csproj
		SccProjectName2 = TicketServer.Service
		SccLocalPath2 = TicketServer.Service
		SccProjectUniqueName3 = TicketServer.DAL\\TicketServer.DAL.csproj
		SccProjectName3 = TicketServer.DAL
		SccLocalPath3 = TicketServer.DAL
		SccProjectUniqueName4 = TicketServer.Common\\TicketServer.Common.csproj
		SccProjectName4 = TicketServer.Common
		SccLocalPath4 = TicketServer.Common
		SccProjectUniqueName5 = TicketServer.Interfaces\\TicketServer.Interfaces.csproj
		SccProjectName5 = TicketServer.Interfaces
		SccLocalPath5 = TicketServer.Interfaces
		SccProjectUniqueName6 = TicketServer.Client\\TicketServer.Client.csproj
		SccProjectName6 = TicketServer.Client
		SccLocalPath6 = TicketServer.Client
		SccProjectUniqueName7 = TicketServer.Setup\\TicketServer.Setup.isproj
		SccProjectName7 = TicketServer.Setup
		SccLocalPath7 = TicketServer.Setup
		SccProjectUniqueName8 = TicketServer.Controls\\TicketServer.Controls.csproj
		SccProjectName8 = TicketServer.Controls
		SccLocalPath8 = TicketServer.Controls
	EndGlobalSection
	GlobalSection(SolutionConfigurationPlatforms) = preSolution
		All|Any CPU = All|Any CPU
		All|Mixed Platforms = All|Mixed Platforms
		All|x86 = All|x86
		CD_ROM|Any CPU = CD_ROM|Any CPU
		CD_ROM|Mixed Platforms = CD_ROM|Mixed Platforms
		CD_ROM|x86 = CD_ROM|x86
		Debug|Any CPU = Debug|Any CPU
		Debug|Mixed Platforms = Debug|Mixed Platforms
		Debug|x86 = Debug|x86
		DVD-5|Any CPU = DVD-5|Any CPU
		DVD-5|Mixed Platforms = DVD-5|Mixed Platforms
		DVD-5|x86 = DVD-5|x86
		Release|Any CPU = Release|Any CPU
		Release|Mixed Platforms = Release|Mixed Platforms
		Release|x86 = Release|x86
		SingleImage|Any CPU = SingleImage|Any CPU
		SingleImage|Mixed Platforms = SingleImage|Mixed Platforms
		SingleImage|x86 = SingleImage|x86
	EndGlobalSection
	GlobalSection(ProjectConfigurationPlatforms) = postSolution
		{5F1A8731-A044-4E34-A909-57072D48672B}.All|Any CPU.ActiveCfg = Release|x86
		{5F1A8731-A044-4E34-A909-57072D48672B}.All|Mixed Platforms.ActiveCfg = Release|x86
		{5F1A8731-A044-4E34-A909-57072D48672B}.All|Mixed Platforms.Build.0 = Release|x86
		{5F1A8731-A044-4E34-A909-57072D48672B}.All|x86.ActiveCfg = Release|x86
		{5F1A8731-A044-4E34-A909-57072D48672B}.All|x86.Build.0 = Release|x86
		{5F1A8731-A044-4E34-A909-57072D48672B}.CD_ROM|Any CPU.ActiveCfg = Release|x86
		{5F1A8731-A044-4E34-A909-57072D48672B}.CD_ROM|Mixed Platforms.ActiveCfg = Release|x86
		{5F1A8731-A044-4E34-A909-57072D48672B}.CD_ROM|Mixed Platforms.Build.0 = Release|x86
		{5F1A8731-A044-4E34-A909-57072D48672B}.CD_ROM|x86.ActiveCfg = Release|x86
		{5F1A8731-A044-4E34-A909-57072D48672B}.CD_ROM|x86.Build.0 = Release|x86
		{5F1A8731-A044-4E34-A909-57072D48672B}.Debug|Any CPU.ActiveCfg = Debug|x86
		{5F1A8731-A044-4E34-A909-57072D48672B}.Debug|Mixed Platforms.ActiveCfg = Debug|x86
		{5F1A8731-A044-4E34-A909-57072D48672B}.Debug|Mixed Platforms.Build.0 = Debug|x86
		{5F1A8731-A044-4E34-A909-57072D48672B}.Debug|x86.ActiveCfg = Debug|x86
		{5F1A8731-A044-4E34-A909-57072D48672B}.Debug|x86.Build.0 = Debug|x86
		{5F1A8731-A044-4E34-A909-57072D48672B}.DVD-5|Any CPU.ActiveCfg = Debug|x86
		{5F1A8731-A044-4E34-A909-57072D48672B}.DVD-5|Mixed Platforms.ActiveCfg = Debug|x86
		{5F1A8731-A044-4E34-A909-57072D48672B}.DVD-5|Mixed Platforms.Build.0 = Debug|x86
		{5F1A8731-A044-4E34-A909-57072D48672B}.DVD-5|x86.ActiveCfg = Debug|x86
		{5F1A8731-A044-4E34-A909-57072D48672B}.DVD-5|x86.Build.0 = Debug|x86
		{5F1A8731-A044-4E34-A909-57072D48672B}.Release|Any CPU.ActiveCfg = Release|x86
		{5F1A8731-A044-4E34-A909-57072D48672B}.Release|Mixed Platforms.ActiveCfg = Release|x86
		{5F1A8731-A044-4E34-A909-57072D48672B}.Release|Mixed Platforms.Build.0 = Release|x86
		{5F1A8731-A044-4E34-A909-57072D48672B}.Release|x86.ActiveCfg = Release|x86
		{5F1A8731-A044-4E34-A909-57072D48672B}.Release|x86.Build.0 = Release|x86
		{5F1A8731-A044-4E34-A909-57072D48672B}.SingleImage|Any CPU.ActiveCfg = Release|x86
		{5F1A8731-A044-4E34-A909-57072D48672B}.SingleImage|Mixed Platforms.ActiveCfg = Release|x86
		{5F1A8731-A044-4E34-A909-57072D48672B}.SingleImage|Mixed Platforms.Build.0 = Release|x86
		{5F1A8731-A044-4E34-A909-57072D48672B}.SingleImage|x86.ActiveCfg = Release|x86
		{5F1A8731-A044-4E34-A909-57072D48672B}.SingleImage|x86.Build.0 = Release|x86
		{7854300B-F4E2-4CFB-8EBD-1A51F9740B1B}.All|Any CPU.ActiveCfg = Release|Any CPU
		{7854300B-F4E2-4CFB-8EBD-1A51F9740B1B}.All|Any CPU.Build.0 = Release|Any CPU
		{7854300B-F4E2-4CFB-8EBD-1A51F9740B1B}.All|Mixed Platforms.ActiveCfg = Release|Any CPU
		{7854300B-F4E2-4CFB-8EBD-1A51F9740B1B}.All|Mixed Platforms.Build.0 = Release|Any CPU
		{7854300B-F4E2-4CFB-8EBD-1A51F9740B1B}.All|x86.ActiveCfg = Release|Any CPU
		{7854300B-F4E2-4CFB-8EBD-1A51F9740B1B}.CD_ROM|Any CPU.ActiveCfg = Release|Any CPU
		{7854300B-F4E2-4CFB-8EBD-1A51F9740B1B}.CD_ROM|Any CPU.Build.0 = Release|Any CPU
		{7854300B-F4E2-4CFB-8EBD-1A51F9740B1B}.CD_ROM|Mixed Platforms.ActiveCfg = Release|Any CPU
		{7854300B-F4E2-4CFB-8EBD-1A51F9740B1B}.CD_ROM|Mixed Platforms.Build.0 = Release|Any CPU
		{7854300B-F4E2-4CFB-8EBD-1A51F9740B1B}.CD_ROM|x86.ActiveCfg = Release|Any CPU
		{7854300B-F4E2-4CFB-8EBD-1A51F9740B1B}.Debug|Any CPU.ActiveCfg = Debug|Any CPU
		{7854300B-F4E2-4CFB-8EBD-1A51F9740B1B}.Debug|Any CPU.Build.0 = Debug|Any CPU
		{7854300B-F4E2-4CFB-8EBD-1A51F9740B1B}.Debug|Mixed Platforms.ActiveCfg = Debug|Any CPU
		{7854300B-F4E2-4CFB-8EBD-1A51F9740B1B}.Debug|Mixed Platforms.Build.0 = Debug|Any CPU
		{7854300B-F4E2-4CFB-8EBD-1A51F9740B1B}.Debug|x86.ActiveCfg = Debug|Any CPU
		{7854300B-F4E2-4CFB-8EBD-1A51F9740B1B}.DVD-5|Any CPU.ActiveCfg = Debug|Any CPU
		{7854300B-F4E2-4CFB-8EBD-1A51F9740B1B}.DVD-5|Any CPU.Build.0 = Debug|Any CPU
		{7854300B-F4E2-4CFB-8EBD-1A51F9740B1B}.DVD-5|Mixed Platforms.ActiveCfg = Debug|Any CPU
		{7854300B-F4E2-4CFB-8EBD-1A51F9740B1B}.DVD-5|Mixed Platforms.Build.0 = Debug|Any CPU
		{7854300B-F4E2-4CFB-8EBD-1A51F9740B1B}.DVD-5|x86.ActiveCfg = Debug|Any CPU
		{7854300B-F4E2-4CFB-8EBD-1A51F9740B1B}.Release|Any CPU.ActiveCfg = Release|Any CPU
		{7854300B-F4E2-4CFB-8EBD-1A51F9740B1B}.Release|Any CPU.Build.0 = Release|Any CPU
		{7854300B-F4E2-4CFB-8EBD-1A51F9740B1B}.Release|Mixed Platforms.ActiveCfg = Release|Any CPU
		{7854300B-F4E2-4CFB-8EBD-1A51F9740B1B}.Release|Mixed Platforms.Build.0 = Release|Any CPU
		{7854300B-F4E2-4CFB-8EBD-1A51F9740B1B}.Release|x86.ActiveCfg = Release|Any CPU
		{7854300B-F4E2-4CFB-8EBD-1A51F9740B1B}.SingleImage|Any CPU.ActiveCfg = Release|Any CPU
		{7854300B-F4E2-4CFB-8EBD-1A51F9740B1B}.SingleImage|Any CPU.Build.0 = Release|Any CPU
		{7854300B-F4E2-4CFB-8EBD-1A51F9740B1B}.SingleImage|Mixed Platforms.ActiveCfg = Release|Any CPU
		{7854300B-F4E2-4CFB-8EBD-1A51F9740B1B}.SingleImage|Mixed Platforms.Build.0 = Release|Any CPU
		{7854300B-F4E2-4CFB-8EBD-1A51F9740B1B}.SingleImage|x86.ActiveCfg = Release|Any CPU
		{D9B8258A-38E8-43F8-A9D0-A3A130C8FD32}.All|Any CPU.ActiveCfg = Release|Any CPU
		{D9B8258A-38E8-43F8-A9D0-A3A130C8FD32}.All|Any CPU.Build.0 = Release|Any CPU
		{D9B8258A-38E8-43F8-A9D0-A3A130C8FD32}.All|Mixed Platforms.ActiveCfg = Release|Any CPU
		{D9B8258A-38E8-43F8-A9D0-A3A130C8FD32}.All|Mixed Platforms.Build.0 = Release|Any CPU
		{D9B8258A-38E8-43F8-A9D0-A3A130C8FD32}.All|x86.ActiveCfg = Release|Any CPU
		{D9B8258A-38E8-43F8-A9D0-A3A130C8FD32}.CD_ROM|Any CPU.ActiveCfg = Release|Any CPU
		{D9B8258A-38E8-43F8-A9D0-A3A130C8FD32}.CD_ROM|Any CPU.Build.0 = Release|Any CPU
		{D9B8258A-38E8-43F8-A9D0-A3A130C8FD32}.CD_ROM|Mixed Platforms.ActiveCfg = Release|Any CPU
		{D9B8258A-38E8-43F8-A9D0-A3A130C8FD32}.CD_ROM|Mixed Platforms.Build.0 = Release|Any CPU
		{D9B8258A-38E8-43F8-A9D0-A3A130C8FD32}.CD_ROM|x86.ActiveCfg = Release|Any CPU
		{D9B8258A-38E8-43F8-A9D0-A3A130C8FD32}.Debug|Any CPU.ActiveCfg = Debug|Any CPU
		{D9B8258A-38E8-43F8-A9D0-A3A130C8FD32}.Debug|Any CPU.Build.0 = Debug|Any CPU
		{D9B8258A-38E8-43F8-A9D0-A3A130C8FD32}.Debug|Mixed Platforms.ActiveCfg = Debug|Any CPU
		{D9B8258A-38E8-43F8-A9D0-A3A130C8FD32}.Debug|Mixed Platforms.Build.0 = Debug|Any CPU
		{D9B8258A-38E8-43F8-A9D0-A3A130C8FD32}.Debug|x86.ActiveCfg = Debug|Any CPU
		{D9B8258A-38E8-43F8-A9D0-A3A130C8FD32}.DVD-5|Any CPU.ActiveCfg = Debug|Any CPU
		{D9B8258A-38E8-43F8-A9D0-A3A130C8FD32}.DVD-5|Any CPU.Build.0 = Debug|Any CPU
		{D9B8258A-38E8-43F8-A9D0-A3A130C8FD32}.DVD-5|Mixed Platforms.ActiveCfg = Debug|Any CPU
		{D9B8258A-38E8-43F8-A9D0-A3A130C8FD32}.DVD-5|Mixed Platforms.Build.0 = Debug|Any CPU
		{D9B8258A-38E8-43F8-A9D0-A3A130C8FD32}.DVD-5|x86.ActiveCfg = Debug|Any CPU
		{D9B8258A-38E8-43F8-A9D0-A3A130C8FD32}.Release|Any CPU.ActiveCfg = Release|Any CPU
		{D9B8258A-38E8-43F8-A9D0-A3A130C8FD32}.Release|Any CPU.Build.0 = Release|Any CPU
		{D9B8258A-38E8-43F8-A9D0-A3A130C8FD32}.Release|Mixed Platforms.ActiveCfg = Release|Any CPU
		{D9B8258A-38E8-43F8-A9D0-A3A130C8FD32}.Release|Mixed Platforms.Build.0 = Release|Any CPU
		{D9B8258A-38E8-43F8-A9D0-A3A130C8FD32}.Release|x86.ActiveCfg = Release|Any CPU
		{D9B8258A-38E8-43F8-A9D0-A3A130C8FD32}.SingleImage|Any CPU.ActiveCfg = Release|Any CPU
		{D9B8258A-38E8-43F8-A9D0-A3A130C8FD32}.SingleImage|Any CPU.Build.0 = Release|Any CPU
		{D9B8258A-38E8-43F8-A9D0-A3A130C8FD32}.SingleImage|Mixed Platforms.ActiveCfg = Release|Any CPU
		{D9B8258A-38E8-43F8-A9D0-A3A130C8FD32}.SingleImage|Mixed Platforms.Build.0 = Release|Any CPU
		{D9B8258A-38E8-43F8-A9D0-A3A130C8FD32}.SingleImage|x86.ActiveCfg = Release|Any CPU
		{3D13D078-398B-4DA3-96BF-482F412FE8A3}.All|Any CPU.ActiveCfg = Release|Any CPU
		{3D13D078-398B-4DA3-96BF-482F412FE8A3}.All|Any CPU.Build.0 = Release|Any CPU
		{3D13D078-398B-4DA3-96BF-482F412FE8A3}.All|Mixed Platforms.ActiveCfg = Release|Any CPU
		{3D13D078-398B-4DA3-96BF-482F412FE8A3}.All|Mixed Platforms.Build.0 = Release|Any CPU
		{3D13D078-398B-4DA3-96BF-482F412FE8A3}.All|x86.ActiveCfg = Release|Any CPU
		{3D13D078-398B-4DA3-96BF-482F412FE8A3}.CD_ROM|Any CPU.ActiveCfg = Release|Any CPU
		{3D13D078-398B-4DA3-96BF-482F412FE8A3}.CD_ROM|Any CPU.Build.0 = Release|Any CPU
		{3D13D078-398B-4DA3-96BF-482F412FE8A3}.CD_ROM|Mixed Platforms.ActiveCfg = Release|Any CPU
		{3D13D078-398B-4DA3-96BF-482F412FE8A3}.CD_ROM|Mixed Platforms.Build.0 = Release|Any CPU
		{3D13D078-398B-4DA3-96BF-482F412FE8A3}.CD_ROM|x86.ActiveCfg = Release|Any CPU
		{3D13D078-398B-4DA3-96BF-482F412FE8A3}.Debug|Any CPU.ActiveCfg = Debug|Any CPU
		{3D13D078-398B-4DA3-96BF-482F412FE8A3}.Debug|Any CPU.Build.0 = Debug|Any CPU
		{3D13D078-398B-4DA3-96BF-482F412FE8A3}.Debug|Mixed Platforms.ActiveCfg = Debug|Any CPU
		{3D13D078-398B-4DA3-96BF-482F412FE8A3}.Debug|Mixed Platforms.Build.0 = Debug|Any CPU
		{3D13D078-398B-4DA3-96BF-482F412FE8A3}.Debug|x86.ActiveCfg = Debug|Any CPU
		{3D13D078-398B-4DA3-96BF-482F412FE8A3}.DVD-5|Any CPU.ActiveCfg = Debug|Any CPU
		{3D13D078-398B-4DA3-96BF-482F412FE8A3}.DVD-5|Any CPU.Build.0 = Debug|Any CPU
		{3D13D078-398B-4DA3-96BF-482F412FE8A3}.DVD-5|Mixed Platforms.ActiveCfg = Debug|Any CPU
		{3D13D078-398B-4DA3-96BF-482F412FE8A3}.DVD-5|Mixed Platforms.Build.0 = Debug|Any CPU
		{3D13D078-398B-4DA3-96BF-482F412FE8A3}.DVD-5|x86.ActiveCfg = Debug|Any CPU
		{3D13D078-398B-4DA3-96BF-482F412FE8A3}.Release|Any CPU.ActiveCfg = Release|Any CPU
		{3D13D078-398B-4DA3-96BF-482F412FE8A3}.Release|Any CPU.Build.0 = Release|Any CPU
		{3D13D078-398B-4DA3-96BF-482F412FE8A3}.Release|Mixed Platforms.ActiveCfg = Release|Any CPU
		{3D13D078-398B-4DA3-96BF-482F412FE8A3}.Release|Mixed Platforms.Build.0 = Release|Any CPU
		{3D13D078-398B-4DA3-96BF-482F412FE8A3}.Release|x86.ActiveCfg = Release|Any CPU
		{3D13D078-398B-4DA3-96BF-482F412FE8A3}.SingleImage|Any CPU.ActiveCfg = Release|Any CPU
		{3D13D078-398B-4DA3-96BF-482F412FE8A3}.SingleImage|Any CPU.Build.0 = Release|Any CPU
		{3D13D078-398B-4DA3-96BF-482F412FE8A3}.SingleImage|Mixed Platforms.ActiveCfg = Release|Any CPU
		{3D13D078-398B-4DA3-96BF-482F412FE8A3}.SingleImage|Mixed Platforms.Build.0 = Release|Any CPU
		{3D13D078-398B-4DA3-96BF-482F412FE8A3}.SingleImage|x86.ActiveCfg = Release|Any CPU
		{4A928EB3-CDE9-4803-B6CF-2255064CD64A}.All|Any CPU.ActiveCfg = Release|Any CPU
		{4A928EB3-CDE9-4803-B6CF-2255064CD64A}.All|Any CPU.Build.0 = Release|Any CPU
		{4A928EB3-CDE9-4803-B6CF-2255064CD64A}.All|Mixed Platforms.ActiveCfg = Release|Any CPU
		{4A928EB3-CDE9-4803-B6CF-2255064CD64A}.All|Mixed Platforms.Build.0 = Release|Any CPU
		{4A928EB3-CDE9-4803-B6CF-2255064CD64A}.All|x86.ActiveCfg = Release|Any CPU
		{4A928EB3-CDE9-4803-B6CF-2255064CD64A}.CD_ROM|Any CPU.ActiveCfg = Release|Any CPU
		{4A928EB3-CDE9-4803-B6CF-2255064CD64A}.CD_ROM|Any CPU.Build.0 = Release|Any CPU
		{4A928EB3-CDE9-4803-B6CF-2255064CD64A}.CD_ROM|Mixed Platforms.ActiveCfg = Release|Any CPU
		{4A928EB3-CDE9-4803-B6CF-2255064CD64A}.CD_ROM|Mixed Platforms.Build.0 = Release|Any CPU
		{4A928EB3-CDE9-4803-B6CF-2255064CD64A}.CD_ROM|x86.ActiveCfg = Release|Any CPU
		{4A928EB3-CDE9-4803-B6CF-2255064CD64A}.Debug|Any CPU.ActiveCfg = Debug|Any CPU
		{4A928EB3-CDE9-4803-B6CF-2255064CD64A}.Debug|Any CPU.Build.0 = Debug|Any CPU
		{4A928EB3-CDE9-4803-B6CF-2255064CD64A}.Debug|Mixed Platforms.ActiveCfg = Debug|Any CPU
		{4A928EB3-CDE9-4803-B6CF-2255064CD64A}.Debug|Mixed Platforms.Build.0 = Debug|Any CPU
		{4A928EB3-CDE9-4803-B6CF-2255064CD64A}.Debug|x86.ActiveCfg = Debug|Any CPU
		{4A928EB3-CDE9-4803-B6CF-2255064CD64A}.DVD-5|Any CPU.ActiveCfg = Debug|Any CPU
		{4A928EB3-CDE9-4803-B6CF-2255064CD64A}.DVD-5|Any CPU.Build.0 = Debug|Any CPU
		{4A928EB3-CDE9-4803-B6CF-2255064CD64A}.DVD-5|Mixed Platforms.ActiveCfg = Debug|Any CPU
		{4A928EB3-CDE9-4803-B6CF-2255064CD64A}.DVD-5|Mixed Platforms.Build.0 = Debug|Any CPU
		{4A928EB3-CDE9-4803-B6CF-2255064CD64A}.DVD-5|x86.ActiveCfg = Debug|Any CPU
		{4A928EB3-CDE9-4803-B6CF-2255064CD64A}.Release|Any CPU.ActiveCfg = Release|Any CPU
		{4A928EB3-CDE9-4803-B6CF-2255064CD64A}.Release|Any CPU.Build.0 = Release|Any CPU
		{4A928EB3-CDE9-4803-B6CF-2255064CD64A}.Release|Mixed Platforms.ActiveCfg = Release|Any CPU
		{4A928EB3-CDE9-4803-B6CF-2255064CD64A}.Release|Mixed Platforms.Build.0 = Release|Any CPU
		{4A928EB3-CDE9-4803-B6CF-2255064CD64A}.Release|x86.ActiveCfg = Release|Any CPU
		{4A928EB3-CDE9-4803-B6CF-2255064CD64A}.SingleImage|Any CPU.ActiveCfg = Release|Any CPU
		{4A928EB3-CDE9-4803-B6CF-2255064CD64A}.SingleImage|Any CPU.Build.0 = Release|Any CPU
		{4A928EB3-CDE9-4803-B6CF-2255064CD64A}.SingleImage|Mixed Platforms.ActiveCfg = Release|Any CPU
		{4A928EB3-CDE9-4803-B6CF-2255064CD64A}.SingleImage|Mixed Platforms.Build.0 = Release|Any CPU
		{4A928EB3-CDE9-4803-B6CF-2255064CD64A}.SingleImage|x86.ActiveCfg = Release|Any CPU
		{43B79B6C-CAF6-481E-B646-282B21653564}.All|Any CPU.ActiveCfg = Release|x86
		{43B79B6C-CAF6-481E-B646-282B21653564}.All|Mixed Platforms.ActiveCfg = Release|x86
		{43B79B6C-CAF6-481E-B646-282B21653564}.All|Mixed Platforms.Build.0 = Release|x86
		{43B79B6C-CAF6-481E-B646-282B21653564}.All|x86.ActiveCfg = Release|x86
		{43B79B6C-CAF6-481E-B646-282B21653564}.All|x86.Build.0 = Release|x86
		{43B79B6C-CAF6-481E-B646-282B21653564}.CD_ROM|Any CPU.ActiveCfg = Release|x86
		{43B79B6C-CAF6-481E-B646-282B21653564}.CD_ROM|Mixed Platforms.ActiveCfg = Release|x86
		{43B79B6C-CAF6-481E-B646-282B21653564}.CD_ROM|Mixed Platforms.Build.0 = Release|x86
		{43B79B6C-CAF6-481E-B646-282B21653564}.CD_ROM|x86.ActiveCfg = Release|x86
		{43B79B6C-CAF6-481E-B646-282B21653564}.CD_ROM|x86.Build.0 = Release|x86
		{43B79B6C-CAF6-481E-B646-282B21653564}.Debug|Any CPU.ActiveCfg = Debug|x86
		{43B79B6C-CAF6-481E-B646-282B21653564}.Debug|Mixed Platforms.ActiveCfg = Debug|x86
		{43B79B6C-CAF6-481E-B646-282B21653564}.Debug|Mixed Platforms.Build.0 = Debug|x86
		{43B79B6C-CAF6-481E-B646-282B21653564}.Debug|x86.ActiveCfg = Debug|x86
		{43B79B6C-CAF6-481E-B646-282B21653564}.Debug|x86.Build.0 = Debug|x86
		{43B79B6C-CAF6-481E-B646-282B21653564}.DVD-5|Any CPU.ActiveCfg = Debug|x86
		{43B79B6C-CAF6-481E-B646-282B21653564}.DVD-5|Mixed Platforms.ActiveCfg = Debug|x86
		{43B79B6C-CAF6-481E-B646-282B21653564}.DVD-5|Mixed Platforms.Build.0 = Debug|x86
		{43B79B6C-CAF6-481E-B646-282B21653564}.DVD-5|x86.ActiveCfg = Debug|x86
		{43B79B6C-CAF6-481E-B646-282B21653564}.DVD-5|x86.Build.0 = Debug|x86
		{43B79B6C-CAF6-481E-B646-282B21653564}.Release|Any CPU.ActiveCfg = Release|x86
		{43B79B6C-CAF6-481E-B646-282B21653564}.Release|Mixed Platforms.ActiveCfg = Release|x86
		{43B79B6C-CAF6-481E-B646-282B21653564}.Release|Mixed Platforms.Build.0 = Release|x86
		{43B79B6C-CAF6-481E-B646-282B21653564}.Release|x86.ActiveCfg = Release|x86
		{43B79B6C-CAF6-481E-B646-282B21653564}.Release|x86.Build.0 = Release|x86
		{43B79B6C-CAF6-481E-B646-282B21653564}.SingleImage|Any CPU.ActiveCfg = Release|x86
		{43B79B6C-CAF6-481E-B646-282B21653564}.SingleImage|Mixed Platforms.ActiveCfg = Release|x86
		{43B79B6C-CAF6-481E-B646-282B21653564}.SingleImage|Mixed Platforms.Build.0 = Release|x86
		{43B79B6C-CAF6-481E-B646-282B21653564}.SingleImage|x86.ActiveCfg = Release|x86
		{43B79B6C-CAF6-481E-B646-282B21653564}.SingleImage|x86.Build.0 = Release|x86
		{008960D5-B947-492D-8EF4-1E3ED5C41A6A}.All|Any CPU.ActiveCfg = SingleImage
		{008960D5-B947-492D-8EF4-1E3ED5C41A6A}.All|Any CPU.Build.0 = SingleImage
		{008960D5-B947-492D-8EF4-1E3ED5C41A6A}.All|Mixed Platforms.ActiveCfg = SingleImage
		{008960D5-B947-492D-8EF4-1E3ED5C41A6A}.All|Mixed Platforms.Build.0 = SingleImage
		{008960D5-B947-492D-8EF4-1E3ED5C41A6A}.All|x86.ActiveCfg = SingleImage
		{008960D5-B947-492D-8EF4-1E3ED5C41A6A}.All|x86.Build.0 = SingleImage
		{008960D5-B947-492D-8EF4-1E3ED5C41A6A}.CD_ROM|Any CPU.ActiveCfg = CD_ROM
		{008960D5-B947-492D-8EF4-1E3ED5C41A6A}.CD_ROM|Any CPU.Build.0 = CD_ROM
		{008960D5-B947-492D-8EF4-1E3ED5C41A6A}.CD_ROM|Mixed Platforms.ActiveCfg = CD_ROM
		{008960D5-B947-492D-8EF4-1E3ED5C41A6A}.CD_ROM|Mixed Platforms.Build.0 = CD_ROM
		{008960D5-B947-492D-8EF4-1E3ED5C41A6A}.CD_ROM|x86.ActiveCfg = CD_ROM
		{008960D5-B947-492D-8EF4-1E3ED5C41A6A}.CD_ROM|x86.Build.0 = CD_ROM
		{008960D5-B947-492D-8EF4-1E3ED5C41A6A}.Debug|Any CPU.ActiveCfg = DVD-5
		{008960D5-B947-492D-8EF4-1E3ED5C41A6A}.Debug|Any CPU.Build.0 = DVD-5
		{008960D5-B947-492D-8EF4-1E3ED5C41A6A}.Debug|Mixed Platforms.ActiveCfg = DVD-5
		{008960D5-B947-492D-8EF4-1E3ED5C41A6A}.Debug|Mixed Platforms.Build.0 = DVD-5
		{008960D5-B947-492D-8EF4-1E3ED5C41A6A}.Debug|x86.ActiveCfg = DVD-5
		{008960D5-B947-492D-8EF4-1E3ED5C41A6A}.Debug|x86.Build.0 = DVD-5
		{008960D5-B947-492D-8EF4-1E3ED5C41A6A}.DVD-5|Any CPU.ActiveCfg = DVD-5
		{008960D5-B947-492D-8EF4-1E3ED5C41A6A}.DVD-5|Any CPU.Build.0 = DVD-5
		{008960D5-B947-492D-8EF4-1E3ED5C41A6A}.DVD-5|Mixed Platforms.ActiveCfg = DVD-5
		{008960D5-B947-492D-8EF4-1E3ED5C41A6A}.DVD-5|Mixed Platforms.Build.0 = DVD-5
		{008960D5-B947-492D-8EF4-1E3ED5C41A6A}.DVD-5|x86.ActiveCfg = DVD-5
		{008960D5-B947-492D-8EF4-1E3ED5C41A6A}.DVD-5|x86.Build.0 = DVD-5
		{008960D5-B947-492D-8EF4-1E3ED5C41A6A}.Release|Any CPU.ActiveCfg = SingleImage
		{008960D5-B947-492D-8EF4-1E3ED5C41A6A}.Release|Any CPU.Build.0 = SingleImage
		{008960D5-B947-492D-8EF4-1E3ED5C41A6A}.Release|Mixed Platforms.ActiveCfg = SingleImage
		{008960D5-B947-492D-8EF4-1E3ED5C41A6A}.Release|Mixed Platforms.Build.0 = SingleImage
		{008960D5-B947-492D-8EF4-1E3ED5C41A6A}.Release|x86.ActiveCfg = SingleImage
		{008960D5-B947-492D-8EF4-1E3ED5C41A6A}.Release|x86.Build.0 = SingleImage
		{008960D5-B947-492D-8EF4-1E3ED5C41A6A}.SingleImage|Any CPU.ActiveCfg = SingleImage
		{008960D5-B947-492D-8EF4-1E3ED5C41A6A}.SingleImage|Any CPU.Build.0 = SingleImage
		{008960D5-B947-492D-8EF4-1E3ED5C41A6A}.SingleImage|Mixed Platforms.ActiveCfg = SingleImage
		{008960D5-B947-492D-8EF4-1E3ED5C41A6A}.SingleImage|Mixed Platforms.Build.0 = SingleImage
		{008960D5-B947-492D-8EF4-1E3ED5C41A6A}.SingleImage|x86.ActiveCfg = SingleImage
		{008960D5-B947-492D-8EF4-1E3ED5C41A6A}.SingleImage|x86.Build.0 = SingleImage
		{756006AD-9F72-4394-A91C-3E1EE445E35B}.All|Any CPU.ActiveCfg = Release|Any CPU
		{756006AD-9F72-4394-A91C-3E1EE445E35B}.All|Any CPU.Build.0 = Release|Any CPU
		{756006AD-9F72-4394-A91C-3E1EE445E35B}.All|Mixed Platforms.ActiveCfg = Release|Any CPU
		{756006AD-9F72-4394-A91C-3E1EE445E35B}.All|Mixed Platforms.Build.0 = Release|Any CPU
		{756006AD-9F72-4394-A91C-3E1EE445E35B}.All|x86.ActiveCfg = Release|Any CPU
		{756006AD-9F72-4394-A91C-3E1EE445E35B}.CD_ROM|Any CPU.ActiveCfg = Release|Any CPU
		{756006AD-9F72-4394-A91C-3E1EE445E35B}.CD_ROM|Any CPU.Build.0 = Release|Any CPU
		{756006AD-9F72-4394-A91C-3E1EE445E35B}.CD_ROM|Mixed Platforms.ActiveCfg = Release|Any CPU
		{756006AD-9F72-4394-A91C-3E1EE445E35B}.CD_ROM|Mixed Platforms.Build.0 = Release|Any CPU
		{756006AD-9F72-4394-A91C-3E1EE445E35B}.CD_ROM|x86.ActiveCfg = Release|Any CPU
		{756006AD-9F72-4394-A91C-3E1EE445E35B}.Debug|Any CPU.ActiveCfg = Debug|Any CPU
		{756006AD-9F72-4394-A91C-3E1EE445E35B}.Debug|Any CPU.Build.0 = Debug|Any CPU
		{756006AD-9F72-4394-A91C-3E1EE445E35B}.Debug|Mixed Platforms.ActiveCfg = Debug|Any CPU
		{756006AD-9F72-4394-A91C-3E1EE445E35B}.Debug|Mixed Platforms.Build.0 = Debug|Any CPU
		{756006AD-9F72-4394-A91C-3E1EE445E35B}.Debug|x86.ActiveCfg = Debug|Any CPU
		{756006AD-9F72-4394-A91C-3E1EE445E35B}.DVD-5|Any CPU.ActiveCfg = Debug|Any CPU
		{756006AD-9F72-4394-A91C-3E1EE445E35B}.DVD-5|Any CPU.Build.0 = Debug|Any CPU
		{756006AD-9F72-4394-A91C-3E1EE445E35B}.DVD-5|Mixed Platforms.ActiveCfg = Debug|Any CPU
		{756006AD-9F72-4394-A91C-3E1EE445E35B}.DVD-5|Mixed Platforms.Build.0 = Debug|Any CPU
		{756006AD-9F72-4394-A91C-3E1EE445E35B}.DVD-5|x86.ActiveCfg = Debug|Any CPU
		{756006AD-9F72-4394-A91C-3E1EE445E35B}.Release|Any CPU.ActiveCfg = Release|Any CPU
		{756006AD-9F72-4394-A91C-3E1EE445E35B}.Release|Any CPU.Build.0 = Release|Any CPU
		{756006AD-9F72-4394-A91C-3E1EE445E35B}.Release|Mixed Platforms.ActiveCfg = Release|Any CPU
		{756006AD-9F72-4394-A91C-3E1EE445E35B}.Release|Mixed Platforms.Build.0 = Release|Any CPU
		{756006AD-9F72-4394-A91C-3E1EE445E35B}.Release|x86.ActiveCfg = Release|Any CPU
		{756006AD-9F72-4394-A91C-3E1EE445E35B}.SingleImage|Any CPU.ActiveCfg = Release|Any CPU
		{756006AD-9F72-4394-A91C-3E1EE445E35B}.SingleImage|Any CPU.Build.0 = Release|Any CPU
		{756006AD-9F72-4394-A91C-3E1EE445E35B}.SingleImage|Mixed Platforms.ActiveCfg = Release|Any CPU
		{756006AD-9F72-4394-A91C-3E1EE445E35B}.SingleImage|Mixed Platforms.Build.0 = Release|Any CPU
		{756006AD-9F72-4394-A91C-3E1EE445E35B}.SingleImage|x86.ActiveCfg = Release|Any CPU
	EndGlobalSection
	GlobalSection(SolutionProperties) = preSolution
		HideSolutionNode = FALSE
	EndGlobalSection
EndGlobal
