
Microsoft Visual Studio Solution File, Format Version 11.00
# Visual Studio 2010
Project("{FAE04EC0-301F-11D3-BF4B-00C04F79EFBC}") = "TicketServer", "TicketServer\TicketServer.csproj", "{5F1A8731-A044-4E34-A909-57072D48672B}"
EndProject
Global
	GlobalSection(TeamFoundationVersionControl) = preSolution
		SccNumberOfProjects = 2
		SccEnterpriseProvider = {4CA58AB2-18FA-4F8D-95D4-32DDF27D184C}
		SccTeamFoundationServer = https://tfs.codeplex.com/tfs/tfs14
		SccLocalPath0 = .
		SccProjectUniqueName1 = TicketServer\\TicketServer.csproj
		SccProjectName1 = TicketServer
		SccLocalPath1 = TicketServer
	EndGlobalSection
	GlobalSection(SolutionConfigurationPlatforms) = preSolution
		Debug|x86 = Debug|x86
		Release|x86 = Release|x86
	EndGlobalSection
	GlobalSection(ProjectConfigurationPlatforms) = postSolution
		{5F1A8731-A044-4E34-A909-57072D48672B}.Debug|x86.ActiveCfg = Debug|x86
		{5F1A8731-A044-4E34-A909-57072D48672B}.Debug|x86.Build.0 = Debug|x86
		{5F1A8731-A044-4E34-A909-57072D48672B}.Release|x86.ActiveCfg = Release|x86
		{5F1A8731-A044-4E34-A909-57072D48672B}.Release|x86.Build.0 = Release|x86
	EndGlobalSection
	GlobalSection(SolutionProperties) = preSolution
		HideSolutionNode = FALSE
	EndGlobalSection
EndGlobal
